<?xml version="1.0" encoding="utf-8"?>
<Project ToolsVersion="4.0" xmlns="http://schemas.microsoft.com/developer/msbuild/2003">
  <ItemGroup>
    <Filter Include="Source Files">
      <UniqueIdentifier>{4FC737F1-C7A5-4376-A066-2A32D752A2FF}</UniqueIdentifier>
      <Extensions>cpp;c;cc;cxx;c++;cppm;ixx;def;odl;idl;hpj;bat;asm;asmx</Extensions>
    </Filter>
    <Filter Include="Graphics Engine">
      <UniqueIdentifier>{6eabc5e3-c84c-4a5b-90e8-7adaecbf1f90}</UniqueIdentifier>
    </Filter>
    <Filter Include="Graphics Engine\Shader Manager">
      <UniqueIdentifier>{f4062348-8ec7-4104-8175-3e74400ead62}</UniqueIdentifier>
    </Filter>
    <Filter Include="Graphics Engine\VAO Manager">
      <UniqueIdentifier>{a365fab4-5a9f-4fbb-9e78-1fd668de2e0e}</UniqueIdentifier>
    </Filter>
    <Filter Include="Graphics Engine\Light Manager">
      <UniqueIdentifier>{69ac18e7-ace3-4ae5-bdd6-28ef468aab0a}</UniqueIdentifier>
    </Filter>
    <Filter Include="Graphics Engine\Mesh">
      <UniqueIdentifier>{3d61ebb9-3119-41c0-ae96-60dd08798ac9}</UniqueIdentifier>
    </Filter>
    <Filter Include="Graphics Engine\Graphics Controller">
      <UniqueIdentifier>{81f6441d-10e9-4c2e-a7dc-f9b50d3116f1}</UniqueIdentifier>
    </Filter>
    <Filter Include="Input Handler">
      <UniqueIdentifier>{bda6e101-7891-499e-89bc-a25e58f2de16}</UniqueIdentifier>
    </Filter>
    <Filter Include="Graphics Engine\ImGui">
      <UniqueIdentifier>{509b763e-fb70-4adf-afa9-5e196c5b1cde}</UniqueIdentifier>
    </Filter>
    <Filter Include="Graphics Engine\ImGui\backends">
      <UniqueIdentifier>{813afed8-cc4c-4377-ad74-28645da30482}</UniqueIdentifier>
    </Filter>
    <Filter Include="Physics">
      <UniqueIdentifier>{a3eb3f03-de0d-4d45-864d-edc647ca39f0}</UniqueIdentifier>
    </Filter>
    <Filter Include="Player">
      <UniqueIdentifier>{64aa2570-a3db-4003-a09b-4b47c87a8dc8}</UniqueIdentifier>
    </Filter>
    <Filter Include="Audio">
      <UniqueIdentifier>{585c80b5-5172-435c-8e39-eece406d4fcb}</UniqueIdentifier>
    </Filter>
    <Filter Include="Graphics Engine\TextureManager">
      <UniqueIdentifier>{a3102251-b31a-430e-a117-92cbb57a74c6}</UniqueIdentifier>
    </Filter>
    <Filter Include="Engine Controller">
      <UniqueIdentifier>{b02e8bd3-c383-45e8-85a0-276f1af5ac1d}</UniqueIdentifier>
    </Filter>
    <Filter Include="Dev">
      <UniqueIdentifier>{90a600a9-55df-42cf-a465-bd47021d3536}</UniqueIdentifier>
    </Filter>
    <Filter Include="Engine Controller\SceneSave">
      <UniqueIdentifier>{13d264ec-9916-40cf-8ba2-1d9b459b1941}</UniqueIdentifier>
    </Filter>
    <Filter Include="Physics\AABB">
      <UniqueIdentifier>{c42d4f2c-f0c7-444a-a32c-044b0b79d404}</UniqueIdentifier>
    </Filter>
    <Filter Include="Lua">
      <UniqueIdentifier>{4772ea61-dc08-49d6-a258-621c0b6b86c2}</UniqueIdentifier>
    </Filter>
    <Filter Include="Lua\Factory">
      <UniqueIdentifier>{e8b23959-bd0c-4135-8ce3-4b6a42fc1f9e}</UniqueIdentifier>
    </Filter>
    <Filter Include="Lua\Commands">
      <UniqueIdentifier>{6dcb74dd-9232-4dc4-a676-cbe580f40484}</UniqueIdentifier>
    </Filter>
    <Filter Include="Graphics Engine\Particles">
      <UniqueIdentifier>{74455dd2-db23-4352-b966-78aff2e0c96e}</UniqueIdentifier>
    </Filter>
  </ItemGroup>
  <ItemGroup>
    <ClCompile Include="Basic Shader Manager\cShaderManager.cpp">
      <Filter>Graphics Engine\Shader Manager</Filter>
    </ClCompile>
    <ClCompile Include="Basic Shader Manager\cShader.cpp">
      <Filter>Graphics Engine\Shader Manager</Filter>
    </ClCompile>
    <ClCompile Include="cVAOManager\cVAOManager.cpp">
      <Filter>Graphics Engine\VAO Manager</Filter>
    </ClCompile>
    <ClCompile Include="Other Graphics Stuff\glad.c">
      <Filter>Graphics Engine</Filter>
    </ClCompile>
    <ClCompile Include="Other Graphics Stuff\cLightManager.cpp">
      <Filter>Graphics Engine\Light Manager</Filter>
    </ClCompile>
    <ClCompile Include="Other Graphics Stuff\cMesh.cpp">
      <Filter>Graphics Engine\Mesh</Filter>
    </ClCompile>
    <ClCompile Include="main.cpp">
      <Filter>Source Files</Filter>
    </ClCompile>
    <ClCompile Include="Other Graphics Stuff\cGraphicsMain.cpp">
      <Filter>Graphics Engine\Graphics Controller</Filter>
    </ClCompile>
    <ClCompile Include="cInputHandler.cpp">
      <Filter>Input Handler</Filter>
    </ClCompile>
    <ClCompile Include="..\include\imgui\imgui.cpp">
      <Filter>Graphics Engine\ImGui</Filter>
    </ClCompile>
    <ClCompile Include="..\include\imgui\imgui_demo.cpp">
      <Filter>Graphics Engine\ImGui</Filter>
    </ClCompile>
    <ClCompile Include="..\include\imgui\imgui_draw.cpp">
      <Filter>Graphics Engine\ImGui</Filter>
    </ClCompile>
    <ClCompile Include="..\include\imgui\imgui_tables.cpp">
      <Filter>Graphics Engine\ImGui</Filter>
    </ClCompile>
    <ClCompile Include="..\include\imgui\imgui_widgets.cpp">
      <Filter>Graphics Engine\ImGui</Filter>
    </ClCompile>
    <ClCompile Include="..\include\imgui\backends\imgui_impl_glfw.cpp">
      <Filter>Graphics Engine\ImGui\backends</Filter>
    </ClCompile>
    <ClCompile Include="..\include\imgui\backends\imgui_impl_opengl3.cpp">
      <Filter>Graphics Engine\ImGui\backends</Filter>
    </ClCompile>
    <ClCompile Include="cSceneManagement.cpp">
      <Filter>Engine Controller\SceneSave</Filter>
    </ClCompile>
    <ClCompile Include="Physics\sPhysicsProperties.cpp">
      <Filter>Physics</Filter>
    </ClCompile>
    <ClCompile Include="Physics\cPhysics.cpp">
      <Filter>Physics</Filter>
    </ClCompile>
    <ClCompile Include="Physics\cPhysics_BasicTests.cpp">
      <Filter>Physics</Filter>
    </ClCompile>
    <ClCompile Include="Physics\cPhysics_IntersectionTests.cpp">
      <Filter>Physics</Filter>
    </ClCompile>
    <ClCompile Include="Physics\cPhysics_Update.cpp">
      <Filter>Physics</Filter>
    </ClCompile>
    <ClCompile Include="cPlayer.cpp">
      <Filter>Player</Filter>
    </ClCompile>
    <ClCompile Include="cSoundManager.cpp">
      <Filter>Audio</Filter>
    </ClCompile>
    <ClCompile Include="cSoundUtils.cpp">
      <Filter>Audio</Filter>
    </ClCompile>
    <ClCompile Include="TextureManager\C24BitBMPpixel.cpp">
      <Filter>Graphics Engine\TextureManager</Filter>
    </ClCompile>
    <ClCompile Include="TextureManager\cBasicTextureManager.cpp">
      <Filter>Graphics Engine\TextureManager</Filter>
    </ClCompile>
    <ClCompile Include="TextureManager\CTextureFromBMP.cpp">
      <Filter>Graphics Engine\TextureManager</Filter>
    </ClCompile>
    <ClCompile Include="cEngineController.cpp">
      <Filter>Engine Controller</Filter>
    </ClCompile>
    <ClCompile Include="cEngineController_IMPL.cpp">
      <Filter>Engine Controller</Filter>
    </ClCompile>
    <ClCompile Include="cHiResTimer.cpp">
      <Filter>Engine Controller</Filter>
    </ClCompile>
    <ClCompile Include="cLevelEditor.cpp">
      <Filter>Dev</Filter>
    </ClCompile>
    <ClCompile Include="Physics\cPhysics_AABB_Subdivide.cpp">
      <Filter>Physics\AABB</Filter>
    </ClCompile>
    <ClCompile Include="Physics\cPhysics_AABB_Traversal.cpp">
      <Filter>Physics\AABB</Filter>
    </ClCompile>
    <ClCompile Include="Lua\cCommandGroup.cpp">
      <Filter>Lua</Filter>
    </ClCompile>
    <ClCompile Include="Lua\cLuaBrain.cpp">
      <Filter>Lua</Filter>
    </ClCompile>
    <ClCompile Include="Lua\cLuaOtherBrain.cpp">
      <Filter>Lua</Filter>
    </ClCompile>
    <ClCompile Include="Lua\cCommandFactory.cpp">
      <Filter>Lua\Factory</Filter>
    </ClCompile>
    <ClCompile Include="Lua\cCommand_MoveTo.cpp">
      <Filter>Lua\Commands</Filter>
    </ClCompile>
    <ClCompile Include="Lua\cCommand_Orient.cpp">
      <Filter>Lua\Commands</Filter>
    </ClCompile>
    <ClCompile Include="Lua\cCommand_Follow.cpp">
      <Filter>Lua\Commands</Filter>
    </ClCompile>
    <ClCompile Include="Lua\cCommand_LookAt.cpp">
      <Filter>Lua\Commands</Filter>
    </ClCompile>
    <ClCompile Include="Lua\cCommand_MoveToBezier.cpp">
      <Filter>Lua\Commands</Filter>
    </ClCompile>
    <ClCompile Include="Lua\cCommand_SetTransform.cpp">
      <Filter>Lua\Commands</Filter>
    </ClCompile>
    <ClCompile Include="cParticleSystem.cpp">
      <Filter>Graphics Engine\Particles</Filter>
    </ClCompile>
    <ClCompile Include="cParticleManager.cpp">
      <Filter>Graphics Engine\Particles</Filter>
    </ClCompile>
    <ClCompile Include="cEmitterBuilder.cpp">
      <Filter>Graphics Engine\Particles</Filter>
    </ClCompile>
  </ItemGroup>
  <ItemGroup>
    <ClInclude Include="Basic Shader Manager\cShaderManager.h">
      <Filter>Graphics Engine\Shader Manager</Filter>
    </ClInclude>
    <ClInclude Include="cVAOManager\cVAOManager.h">
      <Filter>Graphics Engine\VAO Manager</Filter>
    </ClInclude>
    <ClInclude Include="Other Graphics Stuff\GLWF_CallBacks.h">
      <Filter>Graphics Engine</Filter>
    </ClInclude>
    <ClInclude Include="Other Graphics Stuff\OpenGLCommon.h">
      <Filter>Graphics Engine</Filter>
    </ClInclude>
    <ClInclude Include="Other Graphics Stuff\cLightManager.h">
      <Filter>Graphics Engine\Light Manager</Filter>
    </ClInclude>
    <ClInclude Include="Other Graphics Stuff\cMesh.h">
      <Filter>Graphics Engine\Mesh</Filter>
    </ClInclude>
    <ClInclude Include="Other Graphics Stuff\cGraphicsMain.h">
      <Filter>Graphics Engine\Graphics Controller</Filter>
    </ClInclude>
    <ClInclude Include="cInputHandler.h">
      <Filter>Input Handler</Filter>
    </ClInclude>
    <ClInclude Include="..\include\imgui\imconfig.h">
      <Filter>Graphics Engine\ImGui</Filter>
    </ClInclude>
    <ClInclude Include="..\include\imgui\imgui.h">
      <Filter>Graphics Engine\ImGui</Filter>
    </ClInclude>
    <ClInclude Include="..\include\imgui\imgui_internal.h">
      <Filter>Graphics Engine\ImGui</Filter>
    </ClInclude>
    <ClInclude Include="..\include\imgui\imstb_rectpack.h">
      <Filter>Graphics Engine\ImGui</Filter>
    </ClInclude>
    <ClInclude Include="..\include\imgui\imstb_textedit.h">
      <Filter>Graphics Engine\ImGui</Filter>
    </ClInclude>
    <ClInclude Include="..\include\imgui\imstb_truetype.h">
      <Filter>Graphics Engine\ImGui</Filter>
    </ClInclude>
    <ClInclude Include="..\include\imgui\backends\imgui_impl_glfw.h">
      <Filter>Graphics Engine\ImGui\backends</Filter>
    </ClInclude>
    <ClInclude Include="..\include\imgui\backends\imgui_impl_opengl3.h">
      <Filter>Graphics Engine\ImGui\backends</Filter>
    </ClInclude>
    <ClInclude Include="..\include\imgui\backends\imgui_impl_opengl3_loader.h">
      <Filter>Graphics Engine\ImGui\backends</Filter>
    </ClInclude>
    <ClInclude Include="cSceneManagement.h">
      <Filter>Engine Controller\SceneSave</Filter>
    </ClInclude>
    <ClInclude Include="Physics\iPhysicsMeshTransformAccess.h">
      <Filter>Graphics Engine\Mesh</Filter>
    </ClInclude>
    <ClInclude Include="Physics\sPhysicsProperties.h">
      <Filter>Physics</Filter>
    </ClInclude>
    <ClInclude Include="Physics\cPhysics.h">
      <Filter>Physics</Filter>
    </ClInclude>
    <ClInclude Include="cPlayer.h">
      <Filter>Player</Filter>
    </ClInclude>
    <ClInclude Include="cSoundManager.h">
      <Filter>Audio</Filter>
    </ClInclude>
    <ClInclude Include="cSoundUtils.h">
      <Filter>Audio</Filter>
    </ClInclude>
    <ClInclude Include="TextureManager\C24BitBMPpixel.h">
      <Filter>Graphics Engine\TextureManager</Filter>
    </ClInclude>
    <ClInclude Include="TextureManager\cBasicTextureManager.h">
      <Filter>Graphics Engine\TextureManager</Filter>
    </ClInclude>
    <ClInclude Include="TextureManager\CTextureFromBMP.h">
      <Filter>Graphics Engine\TextureManager</Filter>
    </ClInclude>
    <ClInclude Include="cVAOManager\sModelDrawInfo.h">
      <Filter>Graphics Engine\VAO Manager</Filter>
    </ClInclude>
    <ClInclude Include="cEngineController.h">
      <Filter>Engine Controller</Filter>
    </ClInclude>
    <ClInclude Include="cEngineController_IMPL.h">
      <Filter>Engine Controller</Filter>
    </ClInclude>
    <ClInclude Include="cHiResTimer.h">
      <Filter>Engine Controller</Filter>
    </ClInclude>
    <ClInclude Include="cLevelEditor.h">
      <Filter>Dev</Filter>
    </ClInclude>
    <ClInclude Include="Physics\sTriangle.h">
      <Filter>Physics</Filter>
    </ClInclude>
    <ClInclude Include="Physics\cAABB.h">
      <Filter>Physics\AABB</Filter>
    </ClInclude>
    <ClInclude Include="Lua\cCommandGroup.h">
      <Filter>Lua</Filter>
    </ClInclude>
    <ClInclude Include="Lua\cCommandManager.h">
      <Filter>Lua</Filter>
    </ClInclude>
    <ClInclude Include="Lua\cLuaBrain.h">
      <Filter>Lua</Filter>
    </ClInclude>
    <ClInclude Include="Lua\iCommand.h">
      <Filter>Lua</Filter>
    </ClInclude>
    <ClInclude Include="Lua\cCommandFactory.h">
      <Filter>Lua\Factory</Filter>
    </ClInclude>
    <ClInclude Include="Lua\cCommand_MoveTo.h">
      <Filter>Lua\Commands</Filter>
    </ClInclude>
    <ClInclude Include="Lua\cCommand_Orient.h">
      <Filter>Lua\Commands</Filter>
    </ClInclude>
    <ClInclude Include="Lua\cCommand_Follow.h">
      <Filter>Lua\Commands</Filter>
    </ClInclude>
    <ClInclude Include="Lua\cCommand_LookAt.h">
      <Filter>Lua\Commands</Filter>
    </ClInclude>
    <ClInclude Include="Lua\cCommand_MoveToBezier.h">
      <Filter>Lua\Commands</Filter>
    </ClInclude>
    <ClInclude Include="Lua\cCommand_SetTransform.h">
      <Filter>Lua\Commands</Filter>
    </ClInclude>
    <ClInclude Include="cParticleSystem.h">
      <Filter>Graphics Engine\Particles</Filter>
    </ClInclude>
    <ClInclude Include="cParticleManager.h">
      <Filter>Graphics Engine\Particles</Filter>
    </ClInclude>
    <ClInclude Include="cEmitterBuilder.h">
      <Filter>Graphics Engine\Particles</Filter>
    </ClInclude>
  </ItemGroup>
</Project>